// !$*UTF8*$!
{
	archiveVersion = 1;
	classes = {
	};
	objectVersion = 50;
	objects = {

/* Begin PBXBuildFile section */
		408CAAE0C3D5EF02B568291B /* Pods_ChessClockUITests.framework in Frameworks */ = {isa = PBXBuildFile; fileRef = 32C918EE426657E9CFE84D4F /* Pods_ChessClockUITests.framework */; };
		4A11A20F7739D8AB627DD875 /* Pods_ChessClock.framework in Frameworks */ = {isa = PBXBuildFile; fileRef = D1533C9D67B45E67A4FE518A /* Pods_ChessClock.framework */; };
		BBECB7782A2BA899AABE06BF /* Pods_ChessClockTests.framework in Frameworks */ = {isa = PBXBuildFile; fileRef = 0B955C0A6279BAFB436F2F65 /* Pods_ChessClockTests.framework */; };
		E608ED1D22D9F0970021A396 /* AppDelegate.swift in Sources */ = {isa = PBXBuildFile; fileRef = E608ED1C22D9F0970021A396 /* AppDelegate.swift */; };
		E608ED1F22D9F0970021A396 /* ViewController.swift in Sources */ = {isa = PBXBuildFile; fileRef = E608ED1E22D9F0970021A396 /* ViewController.swift */; };
		E608ED2222D9F0970021A396 /* Main.storyboard in Resources */ = {isa = PBXBuildFile; fileRef = E608ED2022D9F0970021A396 /* Main.storyboard */; };
		E608ED2422D9F0990021A396 /* Assets.xcassets in Resources */ = {isa = PBXBuildFile; fileRef = E608ED2322D9F0990021A396 /* Assets.xcassets */; };
		E608ED2722D9F0990021A396 /* LaunchScreen.storyboard in Resources */ = {isa = PBXBuildFile; fileRef = E608ED2522D9F0990021A396 /* LaunchScreen.storyboard */; };
		E608ED3222D9F0990021A396 /* ChessClockTests.swift in Sources */ = {isa = PBXBuildFile; fileRef = E608ED3122D9F0990021A396 /* ChessClockTests.swift */; };
		E608ED3D22D9F0990021A396 /* ChessClockUITests.swift in Sources */ = {isa = PBXBuildFile; fileRef = E608ED3C22D9F0990021A396 /* ChessClockUITests.swift */; };
		E62210A722DB964200A81DBC /* ClocksPresenter.swift in Sources */ = {isa = PBXBuildFile; fileRef = E62210A622DB964200A81DBC /* ClocksPresenter.swift */; };
		E6B540BF22DCFF18009F087E /* ClocksViewModel.swift in Sources */ = {isa = PBXBuildFile; fileRef = E6B540BE22DCFF18009F087E /* ClocksViewModel.swift */; };
/* End PBXBuildFile section */

/* Begin PBXContainerItemProxy section */
		E608ED2E22D9F0990021A396 /* PBXContainerItemProxy */ = {
			isa = PBXContainerItemProxy;
			containerPortal = E608ED1122D9F0970021A396 /* Project object */;
			proxyType = 1;
			remoteGlobalIDString = E608ED1822D9F0970021A396;
			remoteInfo = ChessClock;
		};
		E608ED3922D9F0990021A396 /* PBXContainerItemProxy */ = {
			isa = PBXContainerItemProxy;
			containerPortal = E608ED1122D9F0970021A396 /* Project object */;
			proxyType = 1;
			remoteGlobalIDString = E608ED1822D9F0970021A396;
			remoteInfo = ChessClock;
		};
/* End PBXContainerItemProxy section */

/* Begin PBXFileReference section */
		0B955C0A6279BAFB436F2F65 /* Pods_ChessClockTests.framework */ = {isa = PBXFileReference; explicitFileType = wrapper.framework; includeInIndex = 0; path = Pods_ChessClockTests.framework; sourceTree = BUILT_PRODUCTS_DIR; };
		32C918EE426657E9CFE84D4F /* Pods_ChessClockUITests.framework */ = {isa = PBXFileReference; explicitFileType = wrapper.framework; includeInIndex = 0; path = Pods_ChessClockUITests.framework; sourceTree = BUILT_PRODUCTS_DIR; };
		374A20F824F15CFECE9F4B8C /* Pods-ChessClockUITests.release.xcconfig */ = {isa = PBXFileReference; includeInIndex = 1; lastKnownFileType = text.xcconfig; name = "Pods-ChessClockUITests.release.xcconfig"; path = "Target Support Files/Pods-ChessClockUITests/Pods-ChessClockUITests.release.xcconfig"; sourceTree = "<group>"; };
		85B5DF33F946F2B049BE4E5E /* Pods-ChessClock.debug.xcconfig */ = {isa = PBXFileReference; includeInIndex = 1; lastKnownFileType = text.xcconfig; name = "Pods-ChessClock.debug.xcconfig"; path = "Target Support Files/Pods-ChessClock/Pods-ChessClock.debug.xcconfig"; sourceTree = "<group>"; };
		A382806A7DDBC4170E773D6C /* Pods-ChessClockTests.debug.xcconfig */ = {isa = PBXFileReference; includeInIndex = 1; lastKnownFileType = text.xcconfig; name = "Pods-ChessClockTests.debug.xcconfig"; path = "Target Support Files/Pods-ChessClockTests/Pods-ChessClockTests.debug.xcconfig"; sourceTree = "<group>"; };
		BA86873E414CCB2003F886C4 /* Pods-ChessClockUITests.debug.xcconfig */ = {isa = PBXFileReference; includeInIndex = 1; lastKnownFileType = text.xcconfig; name = "Pods-ChessClockUITests.debug.xcconfig"; path = "Target Support Files/Pods-ChessClockUITests/Pods-ChessClockUITests.debug.xcconfig"; sourceTree = "<group>"; };
		C96EB1691E95E6912C18150C /* Pods-ChessClock.release.xcconfig */ = {isa = PBXFileReference; includeInIndex = 1; lastKnownFileType = text.xcconfig; name = "Pods-ChessClock.release.xcconfig"; path = "Target Support Files/Pods-ChessClock/Pods-ChessClock.release.xcconfig"; sourceTree = "<group>"; };
		D1533C9D67B45E67A4FE518A /* Pods_ChessClock.framework */ = {isa = PBXFileReference; explicitFileType = wrapper.framework; includeInIndex = 0; path = Pods_ChessClock.framework; sourceTree = BUILT_PRODUCTS_DIR; };
		E608ED1922D9F0970021A396 /* ChessClock.app */ = {isa = PBXFileReference; explicitFileType = wrapper.application; includeInIndex = 0; path = ChessClock.app; sourceTree = BUILT_PRODUCTS_DIR; };
		E608ED1C22D9F0970021A396 /* AppDelegate.swift */ = {isa = PBXFileReference; lastKnownFileType = sourcecode.swift; path = AppDelegate.swift; sourceTree = "<group>"; };
		E608ED1E22D9F0970021A396 /* ViewController.swift */ = {isa = PBXFileReference; lastKnownFileType = sourcecode.swift; path = ViewController.swift; sourceTree = "<group>"; };
		E608ED2122D9F0970021A396 /* Base */ = {isa = PBXFileReference; lastKnownFileType = file.storyboard; name = Base; path = Base.lproj/Main.storyboard; sourceTree = "<group>"; };
		E608ED2322D9F0990021A396 /* Assets.xcassets */ = {isa = PBXFileReference; lastKnownFileType = folder.assetcatalog; path = Assets.xcassets; sourceTree = "<group>"; };
		E608ED2622D9F0990021A396 /* Base */ = {isa = PBXFileReference; lastKnownFileType = file.storyboard; name = Base; path = Base.lproj/LaunchScreen.storyboard; sourceTree = "<group>"; };
		E608ED2822D9F0990021A396 /* Info.plist */ = {isa = PBXFileReference; lastKnownFileType = text.plist.xml; path = Info.plist; sourceTree = "<group>"; };
		E608ED2D22D9F0990021A396 /* ChessClockTests.xctest */ = {isa = PBXFileReference; explicitFileType = wrapper.cfbundle; includeInIndex = 0; path = ChessClockTests.xctest; sourceTree = BUILT_PRODUCTS_DIR; };
		E608ED3122D9F0990021A396 /* ChessClockTests.swift */ = {isa = PBXFileReference; lastKnownFileType = sourcecode.swift; path = ChessClockTests.swift; sourceTree = "<group>"; };
		E608ED3322D9F0990021A396 /* Info.plist */ = {isa = PBXFileReference; lastKnownFileType = text.plist.xml; path = Info.plist; sourceTree = "<group>"; };
		E608ED3822D9F0990021A396 /* ChessClockUITests.xctest */ = {isa = PBXFileReference; explicitFileType = wrapper.cfbundle; includeInIndex = 0; path = ChessClockUITests.xctest; sourceTree = BUILT_PRODUCTS_DIR; };
		E608ED3C22D9F0990021A396 /* ChessClockUITests.swift */ = {isa = PBXFileReference; lastKnownFileType = sourcecode.swift; path = ChessClockUITests.swift; sourceTree = "<group>"; };
		E608ED3E22D9F0990021A396 /* Info.plist */ = {isa = PBXFileReference; lastKnownFileType = text.plist.xml; path = Info.plist; sourceTree = "<group>"; };
		E62210A622DB964200A81DBC /* ClocksPresenter.swift */ = {isa = PBXFileReference; lastKnownFileType = sourcecode.swift; path = ClocksPresenter.swift; sourceTree = "<group>"; };
		E6B540BE22DCFF18009F087E /* ClocksViewModel.swift */ = {isa = PBXFileReference; lastKnownFileType = sourcecode.swift; path = ClocksViewModel.swift; sourceTree = "<group>"; };
		F6F73BF727833C3FB2FF1C92 /* Pods-ChessClockTests.release.xcconfig */ = {isa = PBXFileReference; includeInIndex = 1; lastKnownFileType = text.xcconfig; name = "Pods-ChessClockTests.release.xcconfig"; path = "Target Support Files/Pods-ChessClockTests/Pods-ChessClockTests.release.xcconfig"; sourceTree = "<group>"; };
/* End PBXFileReference section */

/* Begin PBXFrameworksBuildPhase section */
		E608ED1622D9F0970021A396 /* Frameworks */ = {
			isa = PBXFrameworksBuildPhase;
			buildActionMask = 2147483647;
			files = (
				4A11A20F7739D8AB627DD875 /* Pods_ChessClock.framework in Frameworks */,
			);
			runOnlyForDeploymentPostprocessing = 0;
		};
		E608ED2A22D9F0990021A396 /* Frameworks */ = {
			isa = PBXFrameworksBuildPhase;
			buildActionMask = 2147483647;
			files = (
				BBECB7782A2BA899AABE06BF /* Pods_ChessClockTests.framework in Frameworks */,
			);
			runOnlyForDeploymentPostprocessing = 0;
		};
		E608ED3522D9F0990021A396 /* Frameworks */ = {
			isa = PBXFrameworksBuildPhase;
			buildActionMask = 2147483647;
			files = (
				408CAAE0C3D5EF02B568291B /* Pods_ChessClockUITests.framework in Frameworks */,
			);
			runOnlyForDeploymentPostprocessing = 0;
		};
/* End PBXFrameworksBuildPhase section */

/* Begin PBXGroup section */
		49C0F0DE45F1BD7BFD46DA7D /* Pods */ = {
			isa = PBXGroup;
			children = (
				85B5DF33F946F2B049BE4E5E /* Pods-ChessClock.debug.xcconfig */,
				C96EB1691E95E6912C18150C /* Pods-ChessClock.release.xcconfig */,
				A382806A7DDBC4170E773D6C /* Pods-ChessClockTests.debug.xcconfig */,
				F6F73BF727833C3FB2FF1C92 /* Pods-ChessClockTests.release.xcconfig */,
				BA86873E414CCB2003F886C4 /* Pods-ChessClockUITests.debug.xcconfig */,
				374A20F824F15CFECE9F4B8C /* Pods-ChessClockUITests.release.xcconfig */,
			);
			path = Pods;
			sourceTree = "<group>";
		};
		4B158374389846FB54A057E4 /* Frameworks */ = {
			isa = PBXGroup;
			children = (
				D1533C9D67B45E67A4FE518A /* Pods_ChessClock.framework */,
				0B955C0A6279BAFB436F2F65 /* Pods_ChessClockTests.framework */,
				32C918EE426657E9CFE84D4F /* Pods_ChessClockUITests.framework */,
			);
			name = Frameworks;
			sourceTree = "<group>";
		};
		E608ED1022D9F0970021A396 = {
			isa = PBXGroup;
			children = (
				E608ED1B22D9F0970021A396 /* ChessClock */,
				E608ED3022D9F0990021A396 /* ChessClockTests */,
				E608ED3B22D9F0990021A396 /* ChessClockUITests */,
				E608ED1A22D9F0970021A396 /* Products */,
				49C0F0DE45F1BD7BFD46DA7D /* Pods */,
				4B158374389846FB54A057E4 /* Frameworks */,
			);
			sourceTree = "<group>";
		};
		E608ED1A22D9F0970021A396 /* Products */ = {
			isa = PBXGroup;
			children = (
				E608ED1922D9F0970021A396 /* ChessClock.app */,
				E608ED2D22D9F0990021A396 /* ChessClockTests.xctest */,
				E608ED3822D9F0990021A396 /* ChessClockUITests.xctest */,
			);
			name = Products;
			sourceTree = "<group>";
		};
		E608ED1B22D9F0970021A396 /* ChessClock */ = {
			isa = PBXGroup;
			children = (
				E62210A522DB962400A81DBC /* Clocks */,
				E608ED1C22D9F0970021A396 /* AppDelegate.swift */,
				E608ED2022D9F0970021A396 /* Main.storyboard */,
				E608ED2322D9F0990021A396 /* Assets.xcassets */,
				E608ED2522D9F0990021A396 /* LaunchScreen.storyboard */,
				E608ED2822D9F0990021A396 /* Info.plist */,
			);
			path = ChessClock;
			sourceTree = "<group>";
		};
		E608ED3022D9F0990021A396 /* ChessClockTests */ = {
			isa = PBXGroup;
			children = (
				E608ED3122D9F0990021A396 /* ChessClockTests.swift */,
				E608ED3322D9F0990021A396 /* Info.plist */,
			);
			path = ChessClockTests;
			sourceTree = "<group>";
		};
		E608ED3B22D9F0990021A396 /* ChessClockUITests */ = {
			isa = PBXGroup;
			children = (
				E608ED3C22D9F0990021A396 /* ChessClockUITests.swift */,
				E608ED3E22D9F0990021A396 /* Info.plist */,
			);
			path = ChessClockUITests;
			sourceTree = "<group>";
		};
		E62210A522DB962400A81DBC /* Clocks */ = {
			isa = PBXGroup;
			children = (
				E608ED1E22D9F0970021A396 /* ViewController.swift */,
				E62210A622DB964200A81DBC /* ClocksPresenter.swift */,
				E6B540BE22DCFF18009F087E /* ClocksViewModel.swift */,
			);
			path = Clocks;
			sourceTree = "<group>";
		};
/* End PBXGroup section */

/* Begin PBXNativeTarget section */
		E608ED1822D9F0970021A396 /* ChessClock */ = {
			isa = PBXNativeTarget;
			buildConfigurationList = E608ED4122D9F0990021A396 /* Build configuration list for PBXNativeTarget "ChessClock" */;
			buildPhases = (
				AFD757C507C46B59DF1542E1 /* [CP] Check Pods Manifest.lock */,
				E608ED1522D9F0970021A396 /* Sources */,
				E608ED1622D9F0970021A396 /* Frameworks */,
				E608ED1722D9F0970021A396 /* Resources */,
				F481F45D5F0BE36AA2C26539 /* [CP] Embed Pods Frameworks */,
			);
			buildRules = (
			);
			dependencies = (
			);
			name = ChessClock;
			productName = ChessClock;
			productReference = E608ED1922D9F0970021A396 /* ChessClock.app */;
			productType = "com.apple.product-type.application";
		};
		E608ED2C22D9F0990021A396 /* ChessClockTests */ = {
			isa = PBXNativeTarget;
			buildConfigurationList = E608ED4422D9F0990021A396 /* Build configuration list for PBXNativeTarget "ChessClockTests" */;
			buildPhases = (
				5AE388AF004E34CBE8DE2277 /* [CP] Check Pods Manifest.lock */,
				E608ED2922D9F0990021A396 /* Sources */,
				E608ED2A22D9F0990021A396 /* Frameworks */,
				E608ED2B22D9F0990021A396 /* Resources */,
			);
			buildRules = (
			);
			dependencies = (
				E608ED2F22D9F0990021A396 /* PBXTargetDependency */,
			);
			name = ChessClockTests;
			productName = ChessClockTests;
			productReference = E608ED2D22D9F0990021A396 /* ChessClockTests.xctest */;
			productType = "com.apple.product-type.bundle.unit-test";
		};
		E608ED3722D9F0990021A396 /* ChessClockUITests */ = {
			isa = PBXNativeTarget;
			buildConfigurationList = E608ED4722D9F0990021A396 /* Build configuration list for PBXNativeTarget "ChessClockUITests" */;
			buildPhases = (
				598E3E85BD4E7F0E9D34FB99 /* [CP] Check Pods Manifest.lock */,
				E608ED3422D9F0990021A396 /* Sources */,
				E608ED3522D9F0990021A396 /* Frameworks */,
				E608ED3622D9F0990021A396 /* Resources */,
			);
			buildRules = (
			);
			dependencies = (
				E608ED3A22D9F0990021A396 /* PBXTargetDependency */,
			);
			name = ChessClockUITests;
			productName = ChessClockUITests;
			productReference = E608ED3822D9F0990021A396 /* ChessClockUITests.xctest */;
			productType = "com.apple.product-type.bundle.ui-testing";
		};
/* End PBXNativeTarget section */

/* Begin PBXProject section */
		E608ED1122D9F0970021A396 /* Project object */ = {
			isa = PBXProject;
			attributes = {
				LastSwiftUpdateCheck = 1020;
				LastUpgradeCheck = 1020;
				ORGANIZATIONNAME = "joan barroso";
				TargetAttributes = {
					E608ED1822D9F0970021A396 = {
						CreatedOnToolsVersion = 10.2.1;
					};
					E608ED2C22D9F0990021A396 = {
						CreatedOnToolsVersion = 10.2.1;
						TestTargetID = E608ED1822D9F0970021A396;
					};
					E608ED3722D9F0990021A396 = {
						CreatedOnToolsVersion = 10.2.1;
						TestTargetID = E608ED1822D9F0970021A396;
					};
				};
			};
			buildConfigurationList = E608ED1422D9F0970021A396 /* Build configuration list for PBXProject "ChessClock" */;
			compatibilityVersion = "Xcode 9.3";
			developmentRegion = en;
			hasScannedForEncodings = 0;
			knownRegions = (
				en,
				Base,
			);
			mainGroup = E608ED1022D9F0970021A396;
			productRefGroup = E608ED1A22D9F0970021A396 /* Products */;
			projectDirPath = "";
			projectRoot = "";
			targets = (
				E608ED1822D9F0970021A396 /* ChessClock */,
				E608ED2C22D9F0990021A396 /* ChessClockTests */,
				E608ED3722D9F0990021A396 /* ChessClockUITests */,
			);
		};
/* End PBXProject section */

/* Begin PBXResourcesBuildPhase section */
		E608ED1722D9F0970021A396 /* Resources */ = {
			isa = PBXResourcesBuildPhase;
			buildActionMask = 2147483647;
			files = (
				E608ED2722D9F0990021A396 /* LaunchScreen.storyboard in Resources */,
				E608ED2422D9F0990021A396 /* Assets.xcassets in Resources */,
				E608ED2222D9F0970021A396 /* Main.storyboard in Resources */,
			);
			runOnlyForDeploymentPostprocessing = 0;
		};
		E608ED2B22D9F0990021A396 /* Resources */ = {
			isa = PBXResourcesBuildPhase;
			buildActionMask = 2147483647;
			files = (
			);
			runOnlyForDeploymentPostprocessing = 0;
		};
		E608ED3622D9F0990021A396 /* Resources */ = {
			isa = PBXResourcesBuildPhase;
			buildActionMask = 2147483647;
			files = (
			);
			runOnlyForDeploymentPostprocessing = 0;
		};
/* End PBXResourcesBuildPhase section */

/* Begin PBXShellScriptBuildPhase section */
		598E3E85BD4E7F0E9D34FB99 /* [CP] Check Pods Manifest.lock */ = {
			isa = PBXShellScriptBuildPhase;
			buildActionMask = 2147483647;
			files = (
			);
			inputFileListPaths = (
			);
			inputPaths = (
				"${PODS_PODFILE_DIR_PATH}/Podfile.lock",
				"${PODS_ROOT}/Manifest.lock",
			);
			name = "[CP] Check Pods Manifest.lock";
			outputFileListPaths = (
			);
			outputPaths = (
				"$(DERIVED_FILE_DIR)/Pods-ChessClockUITests-checkManifestLockResult.txt",
			);
			runOnlyForDeploymentPostprocessing = 0;
			shellPath = /bin/sh;
			shellScript = "diff \"${PODS_PODFILE_DIR_PATH}/Podfile.lock\" \"${PODS_ROOT}/Manifest.lock\" > /dev/null\nif [ $? != 0 ] ; then\n    # print error to STDERR\n    echo \"error: The sandbox is not in sync with the Podfile.lock. Run 'pod install' or update your CocoaPods installation.\" >&2\n    exit 1\nfi\n# This output is used by Xcode 'outputs' to avoid re-running this script phase.\necho \"SUCCESS\" > \"${SCRIPT_OUTPUT_FILE_0}\"\n";
			showEnvVarsInLog = 0;
		};
		5AE388AF004E34CBE8DE2277 /* [CP] Check Pods Manifest.lock */ = {
			isa = PBXShellScriptBuildPhase;
			buildActionMask = 2147483647;
			files = (
			);
			inputFileListPaths = (
			);
			inputPaths = (
				"${PODS_PODFILE_DIR_PATH}/Podfile.lock",
				"${PODS_ROOT}/Manifest.lock",
			);
			name = "[CP] Check Pods Manifest.lock";
			outputFileListPaths = (
			);
			outputPaths = (
				"$(DERIVED_FILE_DIR)/Pods-ChessClockTests-checkManifestLockResult.txt",
			);
			runOnlyForDeploymentPostprocessing = 0;
			shellPath = /bin/sh;
			shellScript = "diff \"${PODS_PODFILE_DIR_PATH}/Podfile.lock\" \"${PODS_ROOT}/Manifest.lock\" > /dev/null\nif [ $? != 0 ] ; then\n    # print error to STDERR\n    echo \"error: The sandbox is not in sync with the Podfile.lock. Run 'pod install' or update your CocoaPods installation.\" >&2\n    exit 1\nfi\n# This output is used by Xcode 'outputs' to avoid re-running this script phase.\necho \"SUCCESS\" > \"${SCRIPT_OUTPUT_FILE_0}\"\n";
			showEnvVarsInLog = 0;
		};
		AFD757C507C46B59DF1542E1 /* [CP] Check Pods Manifest.lock */ = {
			isa = PBXShellScriptBuildPhase;
			buildActionMask = 2147483647;
			files = (
			);
			inputFileListPaths = (
			);
			inputPaths = (
				"${PODS_PODFILE_DIR_PATH}/Podfile.lock",
				"${PODS_ROOT}/Manifest.lock",
			);
			name = "[CP] Check Pods Manifest.lock";
			outputFileListPaths = (
			);
			outputPaths = (
				"$(DERIVED_FILE_DIR)/Pods-ChessClock-checkManifestLockResult.txt",
			);
			runOnlyForDeploymentPostprocessing = 0;
			shellPath = /bin/sh;
			shellScript = "diff \"${PODS_PODFILE_DIR_PATH}/Podfile.lock\" \"${PODS_ROOT}/Manifest.lock\" > /dev/null\nif [ $? != 0 ] ; then\n    # print error to STDERR\n    echo \"error: The sandbox is not in sync with the Podfile.lock. Run 'pod install' or update your CocoaPods installation.\" >&2\n    exit 1\nfi\n# This output is used by Xcode 'outputs' to avoid re-running this script phase.\necho \"SUCCESS\" > \"${SCRIPT_OUTPUT_FILE_0}\"\n";
			showEnvVarsInLog = 0;
		};
		F481F45D5F0BE36AA2C26539 /* [CP] Embed Pods Frameworks */ = {
			isa = PBXShellScriptBuildPhase;
			buildActionMask = 2147483647;
			files = (
			);
			inputFileListPaths = (
			);
			inputPaths = (
				"${PODS_ROOT}/Target Support Files/Pods-ChessClock/Pods-ChessClock-frameworks.sh",
				"${BUILT_PRODUCTS_DIR}/RxCocoa/RxCocoa.framework",
				"${BUILT_PRODUCTS_DIR}/RxRelay/RxRelay.framework",
				"${BUILT_PRODUCTS_DIR}/RxSwift/RxSwift.framework",
			);
			name = "[CP] Embed Pods Frameworks";
			outputFileListPaths = (
			);
			outputPaths = (
				"${TARGET_BUILD_DIR}/${FRAMEWORKS_FOLDER_PATH}/RxCocoa.framework",
				"${TARGET_BUILD_DIR}/${FRAMEWORKS_FOLDER_PATH}/RxRelay.framework",
				"${TARGET_BUILD_DIR}/${FRAMEWORKS_FOLDER_PATH}/RxSwift.framework",
			);
			runOnlyForDeploymentPostprocessing = 0;
			shellPath = /bin/sh;
			shellScript = "\"${PODS_ROOT}/Target Support Files/Pods-ChessClock/Pods-ChessClock-frameworks.sh\"\n";
			showEnvVarsInLog = 0;
		};
/* End PBXShellScriptBuildPhase section */

/* Begin PBXSourcesBuildPhase section */
		E608ED1522D9F0970021A396 /* Sources */ = {
			isa = PBXSourcesBuildPhase;
			buildActionMask = 2147483647;
			files = (
				E608ED1F22D9F0970021A396 /* ViewController.swift in Sources */,
				E608ED1D22D9F0970021A396 /* AppDelegate.swift in Sources */,
				E62210A722DB964200A81DBC /* ClocksPresenter.swift in Sources */,
				E6B540BF22DCFF18009F087E /* ClocksViewModel.swift in Sources */,
			);
			runOnlyForDeploymentPostprocessing = 0;
		};
		E608ED2922D9F0990021A396 /* Sources */ = {
			isa = PBXSourcesBuildPhase;
			buildActionMask = 2147483647;
			files = (
				E608ED3222D9F0990021A396 /* ChessClockTests.swift in Sources */,
			);
			runOnlyForDeploymentPostprocessing = 0;
		};
		E608ED3422D9F0990021A396 /* Sources */ = {
			isa = PBXSourcesBuildPhase;
			buildActionMask = 2147483647;
			files = (
				E608ED3D22D9F0990021A396 /* ChessClockUITests.swift in Sources */,
			);
			runOnlyForDeploymentPostprocessing = 0;
		};
/* End PBXSourcesBuildPhase section */

/* Begin PBXTargetDependency section */
		E608ED2F22D9F0990021A396 /* PBXTargetDependency */ = {
			isa = PBXTargetDependency;
			target = E608ED1822D9F0970021A396 /* ChessClock */;
			targetProxy = E608ED2E22D9F0990021A396 /* PBXContainerItemProxy */;
		};
		E608ED3A22D9F0990021A396 /* PBXTargetDependency */ = {
			isa = PBXTargetDependency;
			target = E608ED1822D9F0970021A396 /* ChessClock */;
			targetProxy = E608ED3922D9F0990021A396 /* PBXContainerItemProxy */;
		};
/* End PBXTargetDependency section */

/* Begin PBXVariantGroup section */
		E608ED2022D9F0970021A396 /* Main.storyboard */ = {
			isa = PBXVariantGroup;
			children = (
				E608ED2122D9F0970021A396 /* Base */,
			);
			name = Main.storyboard;
			sourceTree = "<group>";
		};
		E608ED2522D9F0990021A396 /* LaunchScreen.storyboard */ = {
			isa = PBXVariantGroup;
			children = (
				E608ED2622D9F0990021A396 /* Base */,
			);
			name = LaunchScreen.storyboard;
			sourceTree = "<group>";
		};
/* End PBXVariantGroup section */

/* Begin XCBuildConfiguration section */
		E608ED3F22D9F0990021A396 /* Debug */ = {
			isa = XCBuildConfiguration;
			buildSettings = {
				ALWAYS_SEARCH_USER_PATHS = NO;
				CLANG_ANALYZER_NONNULL = YES;
				CLANG_ANALYZER_NUMBER_OBJECT_CONVERSION = YES_AGGRESSIVE;
				CLANG_CXX_LANGUAGE_STANDARD = "gnu++14";
				CLANG_CXX_LIBRARY = "libc++";
				CLANG_ENABLE_MODULES = YES;
				CLANG_ENABLE_OBJC_ARC = YES;
				CLANG_ENABLE_OBJC_WEAK = YES;
				CLANG_WARN_BLOCK_CAPTURE_AUTORELEASING = YES;
				CLANG_WARN_BOOL_CONVERSION = YES;
				CLANG_WARN_COMMA = YES;
				CLANG_WARN_CONSTANT_CONVERSION = YES;
				CLANG_WARN_DEPRECATED_OBJC_IMPLEMENTATIONS = YES;
				CLANG_WARN_DIRECT_OBJC_ISA_USAGE = YES_ERROR;
				CLANG_WARN_DOCUMENTATION_COMMENTS = YES;
				CLANG_WARN_EMPTY_BODY = YES;
				CLANG_WARN_ENUM_CONVERSION = YES;
				CLANG_WARN_INFINITE_RECURSION = YES;
				CLANG_WARN_INT_CONVERSION = YES;
				CLANG_WARN_NON_LITERAL_NULL_CONVERSION = YES;
				CLANG_WARN_OBJC_IMPLICIT_RETAIN_SELF = YES;
				CLANG_WARN_OBJC_LITERAL_CONVERSION = YES;
				CLANG_WARN_OBJC_ROOT_CLASS = YES_ERROR;
				CLANG_WARN_RANGE_LOOP_ANALYSIS = YES;
				CLANG_WARN_STRICT_PROTOTYPES = YES;
				CLANG_WARN_SUSPICIOUS_MOVE = YES;
				CLANG_WARN_UNGUARDED_AVAILABILITY = YES_AGGRESSIVE;
				CLANG_WARN_UNREACHABLE_CODE = YES;
				CLANG_WARN__DUPLICATE_METHOD_MATCH = YES;
				CODE_SIGN_IDENTITY = "iPhone Developer";
				COPY_PHASE_STRIP = NO;
				DEBUG_INFORMATION_FORMAT = dwarf;
				ENABLE_STRICT_OBJC_MSGSEND = YES;
				ENABLE_TESTABILITY = YES;
				GCC_C_LANGUAGE_STANDARD = gnu11;
				GCC_DYNAMIC_NO_PIC = NO;
				GCC_NO_COMMON_BLOCKS = YES;
				GCC_OPTIMIZATION_LEVEL = 0;
				GCC_PREPROCESSOR_DEFINITIONS = (
					"DEBUG=1",
					"$(inherited)",
				);
				GCC_WARN_64_TO_32_BIT_CONVERSION = YES;
				GCC_WARN_ABOUT_RETURN_TYPE = YES_ERROR;
				GCC_WARN_UNDECLARED_SELECTOR = YES;
				GCC_WARN_UNINITIALIZED_AUTOS = YES_AGGRESSIVE;
				GCC_WARN_UNUSED_FUNCTION = YES;
				GCC_WARN_UNUSED_VARIABLE = YES;
				IPHONEOS_DEPLOYMENT_TARGET = 12.2;
				MTL_ENABLE_DEBUG_INFO = INCLUDE_SOURCE;
				MTL_FAST_MATH = YES;
				ONLY_ACTIVE_ARCH = YES;
				SDKROOT = iphoneos;
				SWIFT_ACTIVE_COMPILATION_CONDITIONS = DEBUG;
				SWIFT_OPTIMIZATION_LEVEL = "-Onone";
			};
			name = Debug;
		};
		E608ED4022D9F0990021A396 /* Release */ = {
			isa = XCBuildConfiguration;
			buildSettings = {
				ALWAYS_SEARCH_USER_PATHS = NO;
				CLANG_ANALYZER_NONNULL = YES;
				CLANG_ANALYZER_NUMBER_OBJECT_CONVERSION = YES_AGGRESSIVE;
				CLANG_CXX_LANGUAGE_STANDARD = "gnu++14";
				CLANG_CXX_LIBRARY = "libc++";
				CLANG_ENABLE_MODULES = YES;
				CLANG_ENABLE_OBJC_ARC = YES;
				CLANG_ENABLE_OBJC_WEAK = YES;
				CLANG_WARN_BLOCK_CAPTURE_AUTORELEASING = YES;
				CLANG_WARN_BOOL_CONVERSION = YES;
				CLANG_WARN_COMMA = YES;
				CLANG_WARN_CONSTANT_CONVERSION = YES;
				CLANG_WARN_DEPRECATED_OBJC_IMPLEMENTATIONS = YES;
				CLANG_WARN_DIRECT_OBJC_ISA_USAGE = YES_ERROR;
				CLANG_WARN_DOCUMENTATION_COMMENTS = YES;
				CLANG_WARN_EMPTY_BODY = YES;
				CLANG_WARN_ENUM_CONVERSION = YES;
				CLANG_WARN_INFINITE_RECURSION = YES;
				CLANG_WARN_INT_CONVERSION = YES;
				CLANG_WARN_NON_LITERAL_NULL_CONVERSION = YES;
				CLANG_WARN_OBJC_IMPLICIT_RETAIN_SELF = YES;
				CLANG_WARN_OBJC_LITERAL_CONVERSION = YES;
				CLANG_WARN_OBJC_ROOT_CLASS = YES_ERROR;
				CLANG_WARN_RANGE_LOOP_ANALYSIS = YES;
				CLANG_WARN_STRICT_PROTOTYPES = YES;
				CLANG_WARN_SUSPICIOUS_MOVE = YES;
				CLANG_WARN_UNGUARDED_AVAILABILITY = YES_AGGRESSIVE;
				CLANG_WARN_UNREACHABLE_CODE = YES;
				CLANG_WARN__DUPLICATE_METHOD_MATCH = YES;
				CODE_SIGN_IDENTITY = "iPhone Developer";
				COPY_PHASE_STRIP = NO;
				DEBUG_INFORMATION_FORMAT = "dwarf-with-dsym";
				ENABLE_NS_ASSERTIONS = NO;
				ENABLE_STRICT_OBJC_MSGSEND = YES;
				GCC_C_LANGUAGE_STANDARD = gnu11;
				GCC_NO_COMMON_BLOCKS = YES;
				GCC_WARN_64_TO_32_BIT_CONVERSION = YES;
				GCC_WARN_ABOUT_RETURN_TYPE = YES_ERROR;
				GCC_WARN_UNDECLARED_SELECTOR = YES;
				GCC_WARN_UNINITIALIZED_AUTOS = YES_AGGRESSIVE;
				GCC_WARN_UNUSED_FUNCTION = YES;
				GCC_WARN_UNUSED_VARIABLE = YES;
				IPHONEOS_DEPLOYMENT_TARGET = 12.2;
				MTL_ENABLE_DEBUG_INFO = NO;
				MTL_FAST_MATH = YES;
				SDKROOT = iphoneos;
				SWIFT_COMPILATION_MODE = wholemodule;
				SWIFT_OPTIMIZATION_LEVEL = "-O";
				VALIDATE_PRODUCT = YES;
			};
			name = Release;
		};
		E608ED4222D9F0990021A396 /* Debug */ = {
			isa = XCBuildConfiguration;
			baseConfigurationReference = 85B5DF33F946F2B049BE4E5E /* Pods-ChessClock.debug.xcconfig */;
			buildSettings = {
				ASSETCATALOG_COMPILER_APPICON_NAME = AppIcon;
				CODE_SIGN_STYLE = Automatic;
				DEVELOPMENT_TEAM = 2LSZWTD6FD;
				INFOPLIST_FILE = ChessClock/Info.plist;
				LD_RUNPATH_SEARCH_PATHS = (
					"$(inherited)",
					"@executable_path/Frameworks",
				);
				PRODUCT_BUNDLE_IDENTIFIER = com.joanbarroso.ChessClock;
				PRODUCT_NAME = "$(TARGET_NAME)";
				SWIFT_VERSION = 5.0;
				TARGETED_DEVICE_FAMILY = "1,2";
			};
			name = Debug;
		};
		E608ED4322D9F0990021A396 /* Release */ = {
			isa = XCBuildConfiguration;
			baseConfigurationReference = C96EB1691E95E6912C18150C /* Pods-ChessClock.release.xcconfig */;
			buildSettings = {
				ASSETCATALOG_COMPILER_APPICON_NAME = AppIcon;
				CODE_SIGN_STYLE = Automatic;
				DEVELOPMENT_TEAM = 2LSZWTD6FD;
				INFOPLIST_FILE = ChessClock/Info.plist;
				LD_RUNPATH_SEARCH_PATHS = (
					"$(inherited)",
					"@executable_path/Frameworks",
				);
				PRODUCT_BUNDLE_IDENTIFIER = com.joanbarroso.ChessClock;
				PRODUCT_NAME = "$(TARGET_NAME)";
				SWIFT_VERSION = 5.0;
				TARGETED_DEVICE_FAMILY = "1,2";
			};
			name = Release;
		};
		E608ED4522D9F0990021A396 /* Debug */ = {
			isa = XCBuildConfiguration;
			baseConfigurationReference = A382806A7DDBC4170E773D6C /* Pods-ChessClockTests.debug.xcconfig */;
			buildSettings = {
				ALWAYS_EMBED_SWIFT_STANDARD_LIBRARIES = YES;
				BUNDLE_LOADER = "$(TEST_HOST)";
				CODE_SIGN_STYLE = Automatic;
				DEVELOPMENT_TEAM = 2LSZWTD6FD;
				INFOPLIST_FILE = ChessClockTests/Info.plist;
				LD_RUNPATH_SEARCH_PATHS = (
					"$(inherited)",
					"@executable_path/Frameworks",
					"@loader_path/Frameworks",
				);
				PRODUCT_BUNDLE_IDENTIFIER = com.joanbarroso.ChessClockTests;
				PRODUCT_NAME = "$(TARGET_NAME)";
				SWIFT_VERSION = 5.0;
				TARGETED_DEVICE_FAMILY = "1,2";
				TEST_HOST = "$(BUILT_PRODUCTS_DIR)/ChessClock.app/ChessClock";
			};
			name = Debug;
		};
		E608ED4622D9F0990021A396 /* Release */ = {
			isa = XCBuildConfiguration;
			baseConfigurationReference = F6F73BF727833C3FB2FF1C92 /* Pods-ChessClockTests.release.xcconfig */;
			buildSettings = {
				ALWAYS_EMBED_SWIFT_STANDARD_LIBRARIES = YES;
				BUNDLE_LOADER = "$(TEST_HOST)";
				CODE_SIGN_STYLE = Automatic;
				DEVELOPMENT_TEAM = 2LSZWTD6FD;
				INFOPLIST_FILE = ChessClockTests/Info.plist;
				LD_RUNPATH_SEARCH_PATHS = (
					"$(inherited)",
					"@executable_path/Frameworks",
					"@loader_path/Frameworks",
				);
				PRODUCT_BUNDLE_IDENTIFIER = com.joanbarroso.ChessClockTests;
				PRODUCT_NAME = "$(TARGET_NAME)";
				SWIFT_VERSION = 5.0;
				TARGETED_DEVICE_FAMILY = "1,2";
				TEST_HOST = "$(BUILT_PRODUCTS_DIR)/ChessClock.app/ChessClock";
			};
			name = Release;
		};
		E608ED4822D9F0990021A396 /* Debug */ = {
			isa = XCBuildConfiguration;
			baseConfigurationReference = BA86873E414CCB2003F886C4 /* Pods-ChessClockUITests.debug.xcconfig */;
			buildSettings = {
				ALWAYS_EMBED_SWIFT_STANDARD_LIBRARIES = YES;
				CODE_SIGN_STYLE = Automatic;
				DEVELOPMENT_TEAM = 2LSZWTD6FD;
				INFOPLIST_FILE = ChessClockUITests/Info.plist;
				LD_RUNPATH_SEARCH_PATHS = (
					"$(inherited)",
					"@executable_path/Frameworks",
					"@loader_path/Frameworks",
				);
				PRODUCT_BUNDLE_IDENTIFIER = com.joanbarroso.ChessClockUITests;
				PRODUCT_NAME = "$(TARGET_NAME)";
				SWIFT_VERSION = 5.0;
				TARGETED_DEVICE_FAMILY = "1,2";
				TEST_TARGET_NAME = ChessClock;
			};
			name = Debug;
		};
		E608ED4922D9F0990021A396 /* Release */ = {
			isa = XCBuildConfiguration;
			baseConfigurationReference = 374A20F824F15CFECE9F4B8C /* Pods-ChessClockUITests.release.xcconfig */;
			buildSettings = {
				ALWAYS_EMBED_SWIFT_STANDARD_LIBRARIES = YES;
				CODE_SIGN_STYLE = Automatic;
				DEVELOPMENT_TEAM = 2LSZWTD6FD;
				INFOPLIST_FILE = ChessClockUITests/Info.plist;
				LD_RUNPATH_SEARCH_PATHS = (
					"$(inherited)",
					"@executable_path/Frameworks",
					"@loader_path/Frameworks",
				);
				PRODUCT_BUNDLE_IDENTIFIER = com.joanbarroso.ChessClockUITests;
				PRODUCT_NAME = "$(TARGET_NAME)";
				SWIFT_VERSION = 5.0;
				TARGETED_DEVICE_FAMILY = "1,2";
				TEST_TARGET_NAME = ChessClock;
			};
			name = Release;
		};
/* End XCBuildConfiguration section */

/* Begin XCConfigurationList section */
		E608ED1422D9F0970021A396 /* Build configuration list for PBXProject "ChessClock" */ = {
			isa = XCConfigurationList;
			buildConfigurations = (
				E608ED3F22D9F0990021A396 /* Debug */,
				E608ED4022D9F0990021A396 /* Release */,
			);
			defaultConfigurationIsVisible = 0;
			defaultConfigurationName = Release;
		};
		E608ED4122D9F0990021A396 /* Build configuration list for PBXNativeTarget "ChessClock" */ = {
			isa = XCConfigurationList;
			buildConfigurations = (
				E608ED4222D9F0990021A396 /* Debug */,
				E608ED4322D9F0990021A396 /* Release */,
			);
			defaultConfigurationIsVisible = 0;
			defaultConfigurationName = Release;
		};
		E608ED4422D9F0990021A396 /* Build configuration list for PBXNativeTarget "ChessClockTests" */ = {
			isa = XCConfigurationList;
			buildConfigurations = (
				E608ED4522D9F0990021A396 /* Debug */,
				E608ED4622D9F0990021A396 /* Release */,
			);
			defaultConfigurationIsVisible = 0;
			defaultConfigurationName = Release;
		};
		E608ED4722D9F0990021A396 /* Build configuration list for PBXNativeTarget "ChessClockUITests" */ = {
			isa = XCConfigurationList;
			buildConfigurations = (
				E608ED4822D9F0990021A396 /* Debug */,
				E608ED4922D9F0990021A396 /* Release */,
			);
			defaultConfigurationIsVisible = 0;
			defaultConfigurationName = Release;
		};
/* End XCConfigurationList section */
	};
	rootObject = E608ED1122D9F0970021A396 /* Project object */;
}
